<Solution>
  <Folder Name="/src/">
    <Project Path="src/CodeCafe.Application/CodeCafe.Application.csproj" />
    <Project Path="src/CodeCafe.Domain/CodeCafe.Domain.csproj" />
    <Project Path="src/CodeCafe.Infrastructure/CodeCafe.Infrastructure.csproj" />
    <Project Path="src/CodeCafe.WebApi/CodeCafe.WebApi.csproj" />
  </Folder>
  <Folder Name="/tests/">
    <Project Path="tests/CodeCafe.Application.Tests/CodeCafe.Application.Tests.csproj" />
    <Project Path="tests/CodeCafe.WebApi.Tests/CodeCafe.WebApi.Tests.csproj" />
  </Folder>
  <Folder Name="/tools/">
    <Project Path="tools/CodeCafe.DbSync/CodeCafe.DbSync.csproj" />
  </Folder>
</Solution>
