<Solution>
  <Folder Name="/src/">
    <Project Path="src/CodeCafe.Api/CodeCafe.Api.csproj" />
    <Project Path="src/CodeCafe.Application/CodeCafe.Application.csproj" />
    <Project Path="src/CodeCafe.Contracts/CodeCafe.Contracts.csproj" />
    <Project Path="src/CodeCafe.Domain/CodeCafe.Domain.csproj" />
    <Project Path="src/CodeCafe.Infrastructure/CodeCafe.Infrastructure.csproj" />
  </Folder>
  <Folder Name="/tests/">
    <Project Path="tests/CodeCafe.IntegrationTests/CodeCafe.IntegrationTests.csproj" />
    <Project Path="tests/CodeCafe.UnitTests/CodeCafe.UnitTests.csproj" />
  </Folder>
</Solution>
