<Solution>
  <Folder Name="/src/">
    <Project Path="src/CodeCafe.Domain/CodeCafe.Domain.csproj" />
    <Project Path="src/CodeCafe.Application/CodeCafe.Application.csproj" />
    <Project Path="src/CodeCafe.Infrastructure/CodeCafe.Infrastructure.csproj" />
    <Project Path="src/CodeCafe.Host/CodeCafe.Host.csproj" />
  </Folder>
  <Folder Name="/Shared/">
    <Project Path="Shared/CodeCafe.Shared.Presentation/CodeCafe.Shared.Presentation.csproj" />
  </Folder>
  <Folder Name="/Modules/Identity/">
    <Project Path="Modules/Identity/CodeCafe.Modules.Identity.Presentation/CodeCafe.Modules.Identity.Presentation.csproj" />
  </Folder>
  <Folder Name="/Modules/Notes/">
    <Project Path="Modules/Notes/CodeCafe.Modules.Notes.Presentation/CodeCafe.Modules.Notes.Presentation.csproj" />
  </Folder>
  <Folder Name="/Modules/Mcp/">
    <Project Path="Modules/Mcp/CodeCafe.Modules.Mcp/CodeCafe.Modules.Mcp.csproj" />
  </Folder>
  <Folder Name="/Modules/Ai/">
    <Project Path="Modules/Ai/CodeCafe.Modules.Ai/CodeCafe.Modules.Ai.csproj" />
  </Folder>
  <Folder Name="/Host/">
    <Project Path="Host/CodeCafe.Server/CodeCafe.Server.csproj" />
  </Folder>
  <Folder Name="/Tests/">
    <Project Path="tests/CodeCafe.Api.Tests/CodeCafe.Api.Tests.csproj" />
    <Project Path="tests/CodeCafe.Application.Tests/CodeCafe.Application.Tests.csproj" />
    <Project Path="tests/CodeCafe.Architecture.Tests/CodeCafe.Architecture.Tests.csproj" />
    <Project Path="tests/CodeCafe.DbSync.Tests/CodeCafe.DbSync.Tests.csproj" />
    <Project Path="tests/CodeCafe.Domain.Tests/CodeCafe.Domain.Tests.csproj" />
    <Project Path="tests/CodeCafe.Infrastructure.Tests/CodeCafe.Infrastructure.Tests.csproj" />
    <Project Path="tests/CodeCafe.Mcp.Tests/CodeCafe.Mcp.Tests.csproj" />
    <Project Path="tests/CodeCafe.Server.Tests/CodeCafe.Server.Tests.csproj" />
  </Folder>
  <Folder Name="/Tools/">
    <Project Path="tools/CodeCafe.DbSync/CodeCafe.DbSync.csproj" />
  </Folder>
</Solution>
